
Microsoft Visual Studio Solution File, Format Version 12.00
# Visual Studio Version 16
VisualStudioVersion = 16.0.29418.71
MinimumVisualStudioVersion = 10.0.40219.1
Project("{FAE04EC0-301F-11D3-BF4B-00C04F79EFBC}") = "1104Winfrom클라이언트", "1104Winfrom클라이언트\1104Winfrom클라이언트.csproj", "{D107C8A7-A005-4D6F-A00A-BA80F4C28BD5}"
EndProject
Global
	GlobalSection(SolutionConfigurationPlatforms) = preSolution
		Debug|Any CPU = Debug|Any CPU
		Release|Any CPU = Release|Any CPU
	EndGlobalSection
	GlobalSection(ProjectConfigurationPlatforms) = postSolution
		{D107C8A7-A005-4D6F-A00A-BA80F4C28BD5}.Debug|Any CPU.ActiveCfg = Debug|Any CPU
		{D107C8A7-A005-4D6F-A00A-BA80F4C28BD5}.Debug|Any CPU.Build.0 = Debug|Any CPU
		{D107C8A7-A005-4D6F-A00A-BA80F4C28BD5}.Release|Any CPU.ActiveCfg = Release|Any CPU
		{D107C8A7-A005-4D6F-A00A-BA80F4C28BD5}.Release|Any CPU.Build.0 = Release|Any CPU
	EndGlobalSection
	GlobalSection(SolutionProperties) = preSolution
		HideSolutionNode = FALSE
	EndGlobalSection
	GlobalSection(ExtensibilityGlobals) = postSolution
		SolutionGuid = {D8A4E618-C1FB-4C6B-A954-5FC7398F8D81}
	EndGlobalSection
EndGlobal
