
Microsoft Visual Studio Solution File, Format Version 12.00
# Visual Studio Version 16
VisualStudioVersion = 16.0.29324.140
MinimumVisualStudioVersion = 10.0.40219.1
Project("{FAE04EC0-301F-11D3-BF4B-00C04F79EFBC}") = "0926수업시간", "0926수업시간\0926수업시간.csproj", "{D8D91C8C-F5A6-441B-B76E-12830B6A818A}"
EndProject
Global
	GlobalSection(SolutionConfigurationPlatforms) = preSolution
		Debug|Any CPU = Debug|Any CPU
		Release|Any CPU = Release|Any CPU
	EndGlobalSection
	GlobalSection(ProjectConfigurationPlatforms) = postSolution
		{D8D91C8C-F5A6-441B-B76E-12830B6A818A}.Debug|Any CPU.ActiveCfg = Debug|Any CPU
		{D8D91C8C-F5A6-441B-B76E-12830B6A818A}.Debug|Any CPU.Build.0 = Debug|Any CPU
		{D8D91C8C-F5A6-441B-B76E-12830B6A818A}.Release|Any CPU.ActiveCfg = Release|Any CPU
		{D8D91C8C-F5A6-441B-B76E-12830B6A818A}.Release|Any CPU.Build.0 = Release|Any CPU
	EndGlobalSection
	GlobalSection(SolutionProperties) = preSolution
		HideSolutionNode = FALSE
	EndGlobalSection
	GlobalSection(ExtensibilityGlobals) = postSolution
		SolutionGuid = {0F80C93C-50B0-4362-83CD-DD492B2AE46F}
	EndGlobalSection
EndGlobal
