
Microsoft Visual Studio Solution File, Format Version 12.00
# Visual Studio Version 16
VisualStudioVersion = 16.0.29230.47
MinimumVisualStudioVersion = 10.0.40219.1
Project("{FAE04EC0-301F-11D3-BF4B-00C04F79EFBC}") = "0924관리", "0924관리\0924관리.csproj", "{BECCD6D4-BB98-498B-91ED-748487C7D1DE}"
EndProject
Global
	GlobalSection(SolutionConfigurationPlatforms) = preSolution
		Debug|Any CPU = Debug|Any CPU
		Release|Any CPU = Release|Any CPU
	EndGlobalSection
	GlobalSection(ProjectConfigurationPlatforms) = postSolution
		{BECCD6D4-BB98-498B-91ED-748487C7D1DE}.Debug|Any CPU.ActiveCfg = Debug|Any CPU
		{BECCD6D4-BB98-498B-91ED-748487C7D1DE}.Debug|Any CPU.Build.0 = Debug|Any CPU
		{BECCD6D4-BB98-498B-91ED-748487C7D1DE}.Release|Any CPU.ActiveCfg = Release|Any CPU
		{BECCD6D4-BB98-498B-91ED-748487C7D1DE}.Release|Any CPU.Build.0 = Release|Any CPU
	EndGlobalSection
	GlobalSection(SolutionProperties) = preSolution
		HideSolutionNode = FALSE
	EndGlobalSection
	GlobalSection(ExtensibilityGlobals) = postSolution
		SolutionGuid = {A73B5E0A-8963-4E64-8991-34E3CED00D10}
	EndGlobalSection
EndGlobal
