
Microsoft Visual Studio Solution File, Format Version 12.00
# Visual Studio Version 16
VisualStudioVersion = 16.0.29418.71
MinimumVisualStudioVersion = 10.0.40219.1
Project("{FAE04EC0-301F-11D3-BF4B-00C04F79EFBC}") = "1104저녁실습PictureService", "1104저녁실습PictureService\1104저녁실습PictureService.csproj", "{3B9275A1-01D2-4E2B-9D5F-B148770D5D50}"
EndProject
Global
	GlobalSection(SolutionConfigurationPlatforms) = preSolution
		Debug|Any CPU = Debug|Any CPU
		Release|Any CPU = Release|Any CPU
	EndGlobalSection
	GlobalSection(ProjectConfigurationPlatforms) = postSolution
		{3B9275A1-01D2-4E2B-9D5F-B148770D5D50}.Debug|Any CPU.ActiveCfg = Debug|Any CPU
		{3B9275A1-01D2-4E2B-9D5F-B148770D5D50}.Debug|Any CPU.Build.0 = Debug|Any CPU
		{3B9275A1-01D2-4E2B-9D5F-B148770D5D50}.Release|Any CPU.ActiveCfg = Release|Any CPU
		{3B9275A1-01D2-4E2B-9D5F-B148770D5D50}.Release|Any CPU.Build.0 = Release|Any CPU
	EndGlobalSection
	GlobalSection(SolutionProperties) = preSolution
		HideSolutionNode = FALSE
	EndGlobalSection
	GlobalSection(ExtensibilityGlobals) = postSolution
		SolutionGuid = {D479C304-4C3E-4CCA-BFD6-645C74983765}
	EndGlobalSection
EndGlobal
