
Microsoft Visual Studio Solution File, Format Version 12.00
# Visual Studio Version 16
VisualStudioVersion = 16.0.29418.71
MinimumVisualStudioVersion = 10.0.40219.1
Project("{FAE04EC0-301F-11D3-BF4B-00C04F79EFBC}") = "1104수업", "1104수업\1104수업.csproj", "{4CC1F9EF-C2DF-419F-9F20-CAE41A2AE376}"
EndProject
Global
	GlobalSection(SolutionConfigurationPlatforms) = preSolution
		Debug|Any CPU = Debug|Any CPU
		Release|Any CPU = Release|Any CPU
	EndGlobalSection
	GlobalSection(ProjectConfigurationPlatforms) = postSolution
		{4CC1F9EF-C2DF-419F-9F20-CAE41A2AE376}.Debug|Any CPU.ActiveCfg = Debug|Any CPU
		{4CC1F9EF-C2DF-419F-9F20-CAE41A2AE376}.Debug|Any CPU.Build.0 = Debug|Any CPU
		{4CC1F9EF-C2DF-419F-9F20-CAE41A2AE376}.Release|Any CPU.ActiveCfg = Release|Any CPU
		{4CC1F9EF-C2DF-419F-9F20-CAE41A2AE376}.Release|Any CPU.Build.0 = Release|Any CPU
	EndGlobalSection
	GlobalSection(SolutionProperties) = preSolution
		HideSolutionNode = FALSE
	EndGlobalSection
	GlobalSection(ExtensibilityGlobals) = postSolution
		SolutionGuid = {6F7029D0-94B2-49C4-BDD3-DBF4C8532F1E}
	EndGlobalSection
EndGlobal
